
Microsoft Visual Studio Solution File, Format Version 11.00
# Visual Studio 2010
Project("{8BC9CEB8-8B4A-11D0-8D11-00A0C91BC942}") = "wanadecrypt", "wanadecrypt.vcxproj", "{CBED504E-DD3C-42EC-A4D5-F5D6FC917A13}"
EndProject
Global
	GlobalSection(SolutionConfigurationPlatforms) = preSolution
		Release|Win32 = Release|Win32
	EndGlobalSection
	GlobalSection(ProjectConfigurationPlatforms) = postSolution
		{CBED504E-DD3C-42EC-A4D5-F5D6FC917A13}.Release|Win32.ActiveCfg = Release|Win32
		{CBED504E-DD3C-42EC-A4D5-F5D6FC917A13}.Release|Win32.Build.0 = Release|Win32
	EndGlobalSection
	GlobalSection(SolutionProperties) = preSolution
		HideSolutionNode = FALSE
	EndGlobalSection
EndGlobal
